
Microsoft Visual Studio Solution File, Format Version 12.00
# Visual Studio Version 17
VisualStudioVersion = 17.1.32210.238
MinimumVisualStudioVersion = 10.0.40219.1
Project("{FAE04EC0-301F-11D3-BF4B-00C04F79EFBC}") = "1", "1\1.csproj", "{D599754B-8281-4492-8680-02CA7C0B89E8}"
EndProject
Global
	GlobalSection(SolutionConfigurationPlatforms) = preSolution
		Debug|Any CPU = Debug|Any CPU
		Release|Any CPU = Release|Any CPU
	EndGlobalSection
	GlobalSection(ProjectConfigurationPlatforms) = postSolution
		{D599754B-8281-4492-8680-02CA7C0B89E8}.Debug|Any CPU.ActiveCfg = Debug|Any CPU
		{D599754B-8281-4492-8680-02CA7C0B89E8}.Debug|Any CPU.Build.0 = Debug|Any CPU
		{D599754B-8281-4492-8680-02CA7C0B89E8}.Release|Any CPU.ActiveCfg = Release|Any CPU
		{D599754B-8281-4492-8680-02CA7C0B89E8}.Release|Any CPU.Build.0 = Release|Any CPU
	EndGlobalSection
	GlobalSection(SolutionProperties) = preSolution
		HideSolutionNode = FALSE
	EndGlobalSection
	GlobalSection(ExtensibilityGlobals) = postSolution
		SolutionGuid = {6AE5C885-E477-4A91-8D1A-1FDA964328D5}
	EndGlobalSection
EndGlobal
